// !$*UTF8*$!
{
	archiveVersion = 1;
	classes = {
	};
	objectVersion = 46;
	objects = {

/* Begin PBXBuildFile section */
		E391C5181C0EA31300345AC8 /* main.m in Sources */ = {isa = PBXBuildFile; fileRef = E391C5171C0EA31300345AC8 /* main.m */; };
		E391C51B1C0EA31300345AC8 /* AppDelegate.m in Sources */ = {isa = PBXBuildFile; fileRef = E391C51A1C0EA31300345AC8 /* AppDelegate.m */; };
		E391C51E1C0EA31300345AC8 /* ViewController.m in Sources */ = {isa = PBXBuildFile; fileRef = E391C51D1C0EA31300345AC8 /* ViewController.m */; };
		E391C5211C0EA31300345AC8 /* Main.storyboard in Resources */ = {isa = PBXBuildFile; fileRef = E391C51F1C0EA31300345AC8 /* Main.storyboard */; };
		E391C5231C0EA31300345AC8 /* Assets.xcassets in Resources */ = {isa = PBXBuildFile; fileRef = E391C5221C0EA31300345AC8 /* Assets.xcassets */; };
		E391C5261C0EA31300345AC8 /* LaunchScreen.storyboard in Resources */ = {isa = PBXBuildFile; fileRef = E391C5241C0EA31300345AC8 /* LaunchScreen.storyboard */; };
		E391C5311C0EA31300345AC8 /* NJKSmoothTransitionDemoTests.m in Sources */ = {isa = PBXBuildFile; fileRef = E391C5301C0EA31300345AC8 /* NJKSmoothTransitionDemoTests.m */; };
		E391C53C1C0EA31300345AC8 /* NJKSmoothTransitionDemoUITests.m in Sources */ = {isa = PBXBuildFile; fileRef = E391C53B1C0EA31300345AC8 /* NJKSmoothTransitionDemoUITests.m */; };
/* End PBXBuildFile section */

/* Begin PBXContainerItemProxy section */
		E391C52D1C0EA31300345AC8 /* PBXContainerItemProxy */ = {
			isa = PBXContainerItemProxy;
			containerPortal = E391C50B1C0EA31300345AC8 /* Project object */;
			proxyType = 1;
			remoteGlobalIDString = E391C5121C0EA31300345AC8;
			remoteInfo = NJKSmoothTransitionDemo;
		};
		E391C5381C0EA31300345AC8 /* PBXContainerItemProxy */ = {
			isa = PBXContainerItemProxy;
			containerPortal = E391C50B1C0EA31300345AC8 /* Project object */;
			proxyType = 1;
			remoteGlobalIDString = E391C5121C0EA31300345AC8;
			remoteInfo = NJKSmoothTransitionDemo;
		};
/* End PBXContainerItemProxy section */

/* Begin PBXFileReference section */
		E391C5131C0EA31300345AC8 /* NJKSmoothTransitionDemo.app */ = {isa = PBXFileReference; explicitFileType = wrapper.application; includeInIndex = 0; path = NJKSmoothTransitionDemo.app; sourceTree = BUILT_PRODUCTS_DIR; };
		E391C5171C0EA31300345AC8 /* main.m */ = {isa = PBXFileReference; lastKnownFileType = sourcecode.c.objc; path = main.m; sourceTree = "<group>"; };
		E391C5191C0EA31300345AC8 /* AppDelegate.h */ = {isa = PBXFileReference; lastKnownFileType = sourcecode.c.h; path = AppDelegate.h; sourceTree = "<group>"; };
		E391C51A1C0EA31300345AC8 /* AppDelegate.m */ = {isa = PBXFileReference; lastKnownFileType = sourcecode.c.objc; path = AppDelegate.m; sourceTree = "<group>"; };
		E391C51C1C0EA31300345AC8 /* ViewController.h */ = {isa = PBXFileReference; lastKnownFileType = sourcecode.c.h; path = ViewController.h; sourceTree = "<group>"; };
		E391C51D1C0EA31300345AC8 /* ViewController.m */ = {isa = PBXFileReference; lastKnownFileType = sourcecode.c.objc; path = ViewController.m; sourceTree = "<group>"; };
		E391C5201C0EA31300345AC8 /* Base */ = {isa = PBXFileReference; lastKnownFileType = file.storyboard; name = Base; path = Base.lproj/Main.storyboard; sourceTree = "<group>"; };
		E391C5221C0EA31300345AC8 /* Assets.xcassets */ = {isa = PBXFileReference; lastKnownFileType = folder.assetcatalog; path = Assets.xcassets; sourceTree = "<group>"; };
		E391C5251C0EA31300345AC8 /* Base */ = {isa = PBXFileReference; lastKnownFileType = file.storyboard; name = Base; path = Base.lproj/LaunchScreen.storyboard; sourceTree = "<group>"; };
		E391C5271C0EA31300345AC8 /* Info.plist */ = {isa = PBXFileReference; lastKnownFileType = text.plist.xml; path = Info.plist; sourceTree = "<group>"; };
		E391C52C1C0EA31300345AC8 /* NJKSmoothTransitionDemoTests.xctest */ = {isa = PBXFileReference; explicitFileType = wrapper.cfbundle; includeInIndex = 0; path = NJKSmoothTransitionDemoTests.xctest; sourceTree = BUILT_PRODUCTS_DIR; };
		E391C5301C0EA31300345AC8 /* NJKSmoothTransitionDemoTests.m */ = {isa = PBXFileReference; lastKnownFileType = sourcecode.c.objc; path = NJKSmoothTransitionDemoTests.m; sourceTree = "<group>"; };
		E391C5321C0EA31300345AC8 /* Info.plist */ = {isa = PBXFileReference; lastKnownFileType = text.plist.xml; path = Info.plist; sourceTree = "<group>"; };
		E391C5371C0EA31300345AC8 /* NJKSmoothTransitionDemoUITests.xctest */ = {isa = PBXFileReference; explicitFileType = wrapper.cfbundle; includeInIndex = 0; path = NJKSmoothTransitionDemoUITests.xctest; sourceTree = BUILT_PRODUCTS_DIR; };
		E391C53B1C0EA31300345AC8 /* NJKSmoothTransitionDemoUITests.m */ = {isa = PBXFileReference; lastKnownFileType = sourcecode.c.objc; path = NJKSmoothTransitionDemoUITests.m; sourceTree = "<group>"; };
		E391C53D1C0EA31300345AC8 /* Info.plist */ = {isa = PBXFileReference; lastKnownFileType = text.plist.xml; path = Info.plist; sourceTree = "<group>"; };
/* End PBXFileReference section */

/* Begin PBXFrameworksBuildPhase section */
		E391C5101C0EA31300345AC8 /* Frameworks */ = {
			isa = PBXFrameworksBuildPhase;
			buildActionMask = 2147483647;
			files = (
			);
			runOnlyForDeploymentPostprocessing = 0;
		};
		E391C5291C0EA31300345AC8 /* Frameworks */ = {
			isa = PBXFrameworksBuildPhase;
			buildActionMask = 2147483647;
			files = (
			);
			runOnlyForDeploymentPostprocessing = 0;
		};
		E391C5341C0EA31300345AC8 /* Frameworks */ = {
			isa = PBXFrameworksBuildPhase;
			buildActionMask = 2147483647;
			files = (
			);
			runOnlyForDeploymentPostprocessing = 0;
		};
/* End PBXFrameworksBuildPhase section */

/* Begin PBXGroup section */
		E391C50A1C0EA31300345AC8 = {
			isa = PBXGroup;
			children = (
				E391C5151C0EA31300345AC8 /* NJKSmoothTransitionDemo */,
				E391C52F1C0EA31300345AC8 /* NJKSmoothTransitionDemoTests */,
				E391C53A1C0EA31300345AC8 /* NJKSmoothTransitionDemoUITests */,
				E391C5141C0EA31300345AC8 /* Products */,
			);
			sourceTree = "<group>";
		};
		E391C5141C0EA31300345AC8 /* Products */ = {
			isa = PBXGroup;
			children = (
				E391C5131C0EA31300345AC8 /* NJKSmoothTransitionDemo.app */,
				E391C52C1C0EA31300345AC8 /* NJKSmoothTransitionDemoTests.xctest */,
				E391C5371C0EA31300345AC8 /* NJKSmoothTransitionDemoUITests.xctest */,
			);
			name = Products;
			sourceTree = "<group>";
		};
		E391C5151C0EA31300345AC8 /* NJKSmoothTransitionDemo */ = {
			isa = PBXGroup;
			children = (
				E391C5191C0EA31300345AC8 /* AppDelegate.h */,
				E391C51A1C0EA31300345AC8 /* AppDelegate.m */,
				E391C51C1C0EA31300345AC8 /* ViewController.h */,
				E391C51D1C0EA31300345AC8 /* ViewController.m */,
				E391C51F1C0EA31300345AC8 /* Main.storyboard */,
				E391C5221C0EA31300345AC8 /* Assets.xcassets */,
				E391C5241C0EA31300345AC8 /* LaunchScreen.storyboard */,
				E391C5271C0EA31300345AC8 /* Info.plist */,
				E391C5161C0EA31300345AC8 /* Supporting Files */,
			);
			path = NJKSmoothTransitionDemo;
			sourceTree = "<group>";
		};
		E391C5161C0EA31300345AC8 /* Supporting Files */ = {
			isa = PBXGroup;
			children = (
				E391C5171C0EA31300345AC8 /* main.m */,
			);
			name = "Supporting Files";
			sourceTree = "<group>";
		};
		E391C52F1C0EA31300345AC8 /* NJKSmoothTransitionDemoTests */ = {
			isa = PBXGroup;
			children = (
				E391C5301C0EA31300345AC8 /* NJKSmoothTransitionDemoTests.m */,
				E391C5321C0EA31300345AC8 /* Info.plist */,
			);
			path = NJKSmoothTransitionDemoTests;
			sourceTree = "<group>";
		};
		E391C53A1C0EA31300345AC8 /* NJKSmoothTransitionDemoUITests */ = {
			isa = PBXGroup;
			children = (
				E391C53B1C0EA31300345AC8 /* NJKSmoothTransitionDemoUITests.m */,
				E391C53D1C0EA31300345AC8 /* Info.plist */,
			);
			path = NJKSmoothTransitionDemoUITests;
			sourceTree = "<group>";
		};
/* End PBXGroup section */

/* Begin PBXNativeTarget section */
		E391C5121C0EA31300345AC8 /* NJKSmoothTransitionDemo */ = {
			isa = PBXNativeTarget;
			buildConfigurationList = E391C5401C0EA31300345AC8 /* Build configuration list for PBXNativeTarget "NJKSmoothTransitionDemo" */;
			buildPhases = (
				E391C50F1C0EA31300345AC8 /* Sources */,
				E391C5101C0EA31300345AC8 /* Frameworks */,
				E391C5111C0EA31300345AC8 /* Resources */,
			);
			buildRules = (
			);
			dependencies = (
			);
			name = NJKSmoothTransitionDemo;
			productName = NJKSmoothTransitionDemo;
			productReference = E391C5131C0EA31300345AC8 /* NJKSmoothTransitionDemo.app */;
			productType = "com.apple.product-type.application";
		};
		E391C52B1C0EA31300345AC8 /* NJKSmoothTransitionDemoTests */ = {
			isa = PBXNativeTarget;
			buildConfigurationList = E391C5431C0EA31300345AC8 /* Build configuration list for PBXNativeTarget "NJKSmoothTransitionDemoTests" */;
			buildPhases = (
				E391C5281C0EA31300345AC8 /* Sources */,
				E391C5291C0EA31300345AC8 /* Frameworks */,
				E391C52A1C0EA31300345AC8 /* Resources */,
			);
			buildRules = (
			);
			dependencies = (
				E391C52E1C0EA31300345AC8 /* PBXTargetDependency */,
			);
			name = NJKSmoothTransitionDemoTests;
			productName = NJKSmoothTransitionDemoTests;
			productReference = E391C52C1C0EA31300345AC8 /* NJKSmoothTransitionDemoTests.xctest */;
			productType = "com.apple.product-type.bundle.unit-test";
		};
		E391C5361C0EA31300345AC8 /* NJKSmoothTransitionDemoUITests */ = {
			isa = PBXNativeTarget;
			buildConfigurationList = E391C5461C0EA31300345AC8 /* Build configuration list for PBXNativeTarget "NJKSmoothTransitionDemoUITests" */;
			buildPhases = (
				E391C5331C0EA31300345AC8 /* Sources */,
				E391C5341C0EA31300345AC8 /* Frameworks */,
				E391C5351C0EA31300345AC8 /* Resources */,
			);
			buildRules = (
			);
			dependencies = (
				E391C5391C0EA31300345AC8 /* PBXTargetDependency */,
			);
			name = NJKSmoothTransitionDemoUITests;
			productName = NJKSmoothTransitionDemoUITests;
			productReference = E391C5371C0EA31300345AC8 /* NJKSmoothTransitionDemoUITests.xctest */;
			productType = "com.apple.product-type.bundle.ui-testing";
		};
/* End PBXNativeTarget section */

/* Begin PBXProject section */
		E391C50B1C0EA31300345AC8 /* Project object */ = {
			isa = PBXProject;
			attributes = {
				LastUpgradeCheck = 0710;
				ORGANIZATIONNAME = poco;
				TargetAttributes = {
					E391C5121C0EA31300345AC8 = {
						CreatedOnToolsVersion = 7.1;
					};
					E391C52B1C0EA31300345AC8 = {
						CreatedOnToolsVersion = 7.1;
						TestTargetID = E391C5121C0EA31300345AC8;
					};
					E391C5361C0EA31300345AC8 = {
						CreatedOnToolsVersion = 7.1;
						TestTargetID = E391C5121C0EA31300345AC8;
					};
				};
			};
			buildConfigurationList = E391C50E1C0EA31300345AC8 /* Build configuration list for PBXProject "NJKSmoothTransitionDemo" */;
			compatibilityVersion = "Xcode 3.2";
			developmentRegion = English;
			hasScannedForEncodings = 0;
			knownRegions = (
				en,
				Base,
			);
			mainGroup = E391C50A1C0EA31300345AC8;
			productRefGroup = E391C5141C0EA31300345AC8 /* Products */;
			projectDirPath = "";
			projectRoot = "";
			targets = (
				E391C5121C0EA31300345AC8 /* NJKSmoothTransitionDemo */,
				E391C52B1C0EA31300345AC8 /* NJKSmoothTransitionDemoTests */,
				E391C5361C0EA31300345AC8 /* NJKSmoothTransitionDemoUITests */,
			);
		};
/* End PBXProject section */

/* Begin PBXResourcesBuildPhase section */
		E391C5111C0EA31300345AC8 /* Resources */ = {
			isa = PBXResourcesBuildPhase;
			buildActionMask = 2147483647;
			files = (
				E391C5261C0EA31300345AC8 /* LaunchScreen.storyboard in Resources */,
				E391C5231C0EA31300345AC8 /* Assets.xcassets in Resources */,
				E391C5211C0EA31300345AC8 /* Main.storyboard in Resources */,
			);
			runOnlyForDeploymentPostprocessing = 0;
		};
		E391C52A1C0EA31300345AC8 /* Resources */ = {
			isa = PBXResourcesBuildPhase;
			buildActionMask = 2147483647;
			files = (
			);
			runOnlyForDeploymentPostprocessing = 0;
		};
		E391C5351C0EA31300345AC8 /* Resources */ = {
			isa = PBXResourcesBuildPhase;
			buildActionMask = 2147483647;
			files = (
			);
			runOnlyForDeploymentPostprocessing = 0;
		};
/* End PBXResourcesBuildPhase section */

/* Begin PBXSourcesBuildPhase section */
		E391C50F1C0EA31300345AC8 /* Sources */ = {
			isa = PBXSourcesBuildPhase;
			buildActionMask = 2147483647;
			files = (
				E391C51E1C0EA31300345AC8 /* ViewController.m in Sources */,
				E391C51B1C0EA31300345AC8 /* AppDelegate.m in Sources */,
				E391C5181C0EA31300345AC8 /* main.m in Sources */,
			);
			runOnlyForDeploymentPostprocessing = 0;
		};
		E391C5281C0EA31300345AC8 /* Sources */ = {
			isa = PBXSourcesBuildPhase;
			buildActionMask = 2147483647;
			files = (
				E391C5311C0EA31300345AC8 /* NJKSmoothTransitionDemoTests.m in Sources */,
			);
			runOnlyForDeploymentPostprocessing = 0;
		};
		E391C5331C0EA31300345AC8 /* Sources */ = {
			isa = PBXSourcesBuildPhase;
			buildActionMask = 2147483647;
			files = (
				E391C53C1C0EA31300345AC8 /* NJKSmoothTransitionDemoUITests.m in Sources */,
			);
			runOnlyForDeploymentPostprocessing = 0;
		};
/* End PBXSourcesBuildPhase section */

/* Begin PBXTargetDependency section */
		E391C52E1C0EA31300345AC8 /* PBXTargetDependency */ = {
			isa = PBXTargetDependency;
			target = E391C5121C0EA31300345AC8 /* NJKSmoothTransitionDemo */;
			targetProxy = E391C52D1C0EA31300345AC8 /* PBXContainerItemProxy */;
		};
		E391C5391C0EA31300345AC8 /* PBXTargetDependency */ = {
			isa = PBXTargetDependency;
			target = E391C5121C0EA31300345AC8 /* NJKSmoothTransitionDemo */;
			targetProxy = E391C5381C0EA31300345AC8 /* PBXContainerItemProxy */;
		};
/* End PBXTargetDependency section */

/* Begin PBXVariantGroup section */
		E391C51F1C0EA31300345AC8 /* Main.storyboard */ = {
			isa = PBXVariantGroup;
			children = (
				E391C5201C0EA31300345AC8 /* Base */,
			);
			name = Main.storyboard;
			sourceTree = "<group>";
		};
		E391C5241C0EA31300345AC8 /* LaunchScreen.storyboard */ = {
			isa = PBXVariantGroup;
			children = (
				E391C5251C0EA31300345AC8 /* Base */,
			);
			name = LaunchScreen.storyboard;
			sourceTree = "<group>";
		};
/* End PBXVariantGroup section */

/* Begin XCBuildConfiguration section */
		E391C53E1C0EA31300345AC8 /* Debug */ = {
			isa = XCBuildConfiguration;
			buildSettings = {
				ALWAYS_SEARCH_USER_PATHS = NO;
				CLANG_CXX_LANGUAGE_STANDARD = "gnu++0x";
				CLANG_CXX_LIBRARY = "libc++";
				CLANG_ENABLE_MODULES = YES;
				CLANG_ENABLE_OBJC_ARC = YES;
				CLANG_WARN_BOOL_CONVERSION = YES;
				CLANG_WARN_CONSTANT_CONVERSION = YES;
				CLANG_WARN_DIRECT_OBJC_ISA_USAGE = YES_ERROR;
				CLANG_WARN_EMPTY_BODY = YES;
				CLANG_WARN_ENUM_CONVERSION = YES;
				CLANG_WARN_INT_CONVERSION = YES;
				CLANG_WARN_OBJC_ROOT_CLASS = YES_ERROR;
				CLANG_WARN_UNREACHABLE_CODE = YES;
				CLANG_WARN__DUPLICATE_METHOD_MATCH = YES;
				"CODE_SIGN_IDENTITY[sdk=iphoneos*]" = "iPhone Developer";
				COPY_PHASE_STRIP = NO;
				DEBUG_INFORMATION_FORMAT = dwarf;
				ENABLE_STRICT_OBJC_MSGSEND = YES;
				ENABLE_TESTABILITY = YES;
				GCC_C_LANGUAGE_STANDARD = gnu99;
				GCC_DYNAMIC_NO_PIC = NO;
				GCC_NO_COMMON_BLOCKS = YES;
				GCC_OPTIMIZATION_LEVEL = 0;
				GCC_PREPROCESSOR_DEFINITIONS = (
					"DEBUG=1",
					"$(inherited)",
				);
				GCC_WARN_64_TO_32_BIT_CONVERSION = YES;
				GCC_WARN_ABOUT_RETURN_TYPE = YES_ERROR;
				GCC_WARN_UNDECLARED_SELECTOR = YES;
				GCC_WARN_UNINITIALIZED_AUTOS = YES_AGGRESSIVE;
				GCC_WARN_UNUSED_FUNCTION = YES;
				GCC_WARN_UNUSED_VARIABLE = YES;
				IPHONEOS_DEPLOYMENT_TARGET = 9.1;
				MTL_ENABLE_DEBUG_INFO = YES;
				ONLY_ACTIVE_ARCH = YES;
				SDKROOT = iphoneos;
			};
			name = Debug;
		};
		E391C53F1C0EA31300345AC8 /* Release */ = {
			isa = XCBuildConfiguration;
			buildSettings = {
				ALWAYS_SEARCH_USER_PATHS = NO;
				CLANG_CXX_LANGUAGE_STANDARD = "gnu++0x";
				CLANG_CXX_LIBRARY = "libc++";
				CLANG_ENABLE_MODULES = YES;
				CLANG_ENABLE_OBJC_ARC = YES;
				CLANG_WARN_BOOL_CONVERSION = YES;
				CLANG_WARN_CONSTANT_CONVERSION = YES;
				CLANG_WARN_DIRECT_OBJC_ISA_USAGE = YES_ERROR;
				CLANG_WARN_EMPTY_BODY = YES;
				CLANG_WARN_ENUM_CONVERSION = YES;
				CLANG_WARN_INT_CONVERSION = YES;
				CLANG_WARN_OBJC_ROOT_CLASS = YES_ERROR;
				CLANG_WARN_UNREACHABLE_CODE = YES;
				CLANG_WARN__DUPLICATE_METHOD_MATCH = YES;
				"CODE_SIGN_IDENTITY[sdk=iphoneos*]" = "iPhone Developer";
				COPY_PHASE_STRIP = NO;
				DEBUG_INFORMATION_FORMAT = "dwarf-with-dsym";
				ENABLE_NS_ASSERTIONS = NO;
				ENABLE_STRICT_OBJC_MSGSEND = YES;
				GCC_C_LANGUAGE_STANDARD = gnu99;
				GCC_NO_COMMON_BLOCKS = YES;
				GCC_WARN_64_TO_32_BIT_CONVERSION = YES;
				GCC_WARN_ABOUT_RETURN_TYPE = YES_ERROR;
				GCC_WARN_UNDECLARED_SELECTOR = YES;
				GCC_WARN_UNINITIALIZED_AUTOS = YES_AGGRESSIVE;
				GCC_WARN_UNUSED_FUNCTION = YES;
				GCC_WARN_UNUSED_VARIABLE = YES;
				IPHONEOS_DEPLOYMENT_TARGET = 9.1;
				MTL_ENABLE_DEBUG_INFO = NO;
				SDKROOT = iphoneos;
				VALIDATE_PRODUCT = YES;
			};
			name = Release;
		};
		E391C5411C0EA31300345AC8 /* Debug */ = {
			isa = XCBuildConfiguration;
			buildSettings = {
				ASSETCATALOG_COMPILER_APPICON_NAME = AppIcon;
				INFOPLIST_FILE = NJKSmoothTransitionDemo/Info.plist;
				IPHONEOS_DEPLOYMENT_TARGET = 7.0;
				LD_RUNPATH_SEARCH_PATHS = "$(inherited) @executable_path/Frameworks";
				PRODUCT_BUNDLE_IDENTIFIER = cn.poco.NJKSmoothTransitionDemo;
				PRODUCT_NAME = "$(TARGET_NAME)";
			};
			name = Debug;
		};
		E391C5421C0EA31300345AC8 /* Release */ = {
			isa = XCBuildConfiguration;
			buildSettings = {
				ASSETCATALOG_COMPILER_APPICON_NAME = AppIcon;
				INFOPLIST_FILE = NJKSmoothTransitionDemo/Info.plist;
				IPHONEOS_DEPLOYMENT_TARGET = 7.0;
				LD_RUNPATH_SEARCH_PATHS = "$(inherited) @executable_path/Frameworks";
				PRODUCT_BUNDLE_IDENTIFIER = cn.poco.NJKSmoothTransitionDemo;
				PRODUCT_NAME = "$(TARGET_NAME)";
			};
			name = Release;
		};
		E391C5441C0EA31300345AC8 /* Debug */ = {
			isa = XCBuildConfiguration;
			buildSettings = {
				BUNDLE_LOADER = "$(TEST_HOST)";
				INFOPLIST_FILE = NJKSmoothTransitionDemoTests/Info.plist;
				LD_RUNPATH_SEARCH_PATHS = "$(inherited) @executable_path/Frameworks @loader_path/Frameworks";
				PRODUCT_BUNDLE_IDENTIFIER = cn.poco.NJKSmoothTransitionDemoTests;
				PRODUCT_NAME = "$(TARGET_NAME)";
				TEST_HOST = "$(BUILT_PRODUCTS_DIR)/NJKSmoothTransitionDemo.app/NJKSmoothTransitionDemo";
			};
			name = Debug;
		};
		E391C5451C0EA31300345AC8 /* Release */ = {
			isa = XCBuildConfiguration;
			buildSettings = {
				BUNDLE_LOADER = "$(TEST_HOST)";
				INFOPLIST_FILE = NJKSmoothTransitionDemoTests/Info.plist;
				LD_RUNPATH_SEARCH_PATHS = "$(inherited) @executable_path/Frameworks @loader_path/Frameworks";
				PRODUCT_BUNDLE_IDENTIFIER = cn.poco.NJKSmoothTransitionDemoTests;
				PRODUCT_NAME = "$(TARGET_NAME)";
				TEST_HOST = "$(BUILT_PRODUCTS_DIR)/NJKSmoothTransitionDemo.app/NJKSmoothTransitionDemo";
			};
			name = Release;
		};
		E391C5471C0EA31300345AC8 /* Debug */ = {
			isa = XCBuildConfiguration;
			buildSettings = {
				INFOPLIST_FILE = NJKSmoothTransitionDemoUITests/Info.plist;
				LD_RUNPATH_SEARCH_PATHS = "$(inherited) @executable_path/Frameworks @loader_path/Frameworks";
				PRODUCT_BUNDLE_IDENTIFIER = cn.poco.NJKSmoothTransitionDemoUITests;
				PRODUCT_NAME = "$(TARGET_NAME)";
				TEST_TARGET_NAME = NJKSmoothTransitionDemo;
				USES_XCTRUNNER = YES;
			};
			name = Debug;
		};
		E391C5481C0EA31300345AC8 /* Release */ = {
			isa = XCBuildConfiguration;
			buildSettings = {
				INFOPLIST_FILE = NJKSmoothTransitionDemoUITests/Info.plist;
				LD_RUNPATH_SEARCH_PATHS = "$(inherited) @executable_path/Frameworks @loader_path/Frameworks";
				PRODUCT_BUNDLE_IDENTIFIER = cn.poco.NJKSmoothTransitionDemoUITests;
				PRODUCT_NAME = "$(TARGET_NAME)";
				TEST_TARGET_NAME = NJKSmoothTransitionDemo;
				USES_XCTRUNNER = YES;
			};
			name = Release;
		};
/* End XCBuildConfiguration section */

/* Begin XCConfigurationList section */
		E391C50E1C0EA31300345AC8 /* Build configuration list for PBXProject "NJKSmoothTransitionDemo" */ = {
			isa = XCConfigurationList;
			buildConfigurations = (
				E391C53E1C0EA31300345AC8 /* Debug */,
				E391C53F1C0EA31300345AC8 /* Release */,
			);
			defaultConfigurationIsVisible = 0;
			defaultConfigurationName = Release;
		};
		E391C5401C0EA31300345AC8 /* Build configuration list for PBXNativeTarget "NJKSmoothTransitionDemo" */ = {
			isa = XCConfigurationList;
			buildConfigurations = (
				E391C5411C0EA31300345AC8 /* Debug */,
				E391C5421C0EA31300345AC8 /* Release */,
			);
			defaultConfigurationIsVisible = 0;
			defaultConfigurationName = Release;
		};
		E391C5431C0EA31300345AC8 /* Build configuration list for PBXNativeTarget "NJKSmoothTransitionDemoTests" */ = {
			isa = XCConfigurationList;
			buildConfigurations = (
				E391C5441C0EA31300345AC8 /* Debug */,
				E391C5451C0EA31300345AC8 /* Release */,
			);
			defaultConfigurationIsVisible = 0;
			defaultConfigurationName = Release;
		};
		E391C5461C0EA31300345AC8 /* Build configuration list for PBXNativeTarget "NJKSmoothTransitionDemoUITests" */ = {
			isa = XCConfigurationList;
			buildConfigurations = (
				E391C5471C0EA31300345AC8 /* Debug */,
				E391C5481C0EA31300345AC8 /* Release */,
			);
			defaultConfigurationIsVisible = 0;
			defaultConfigurationName = Release;
		};
/* End XCConfigurationList section */
	};
	rootObject = E391C50B1C0EA31300345AC8 /* Project object */;
}
